
Microsoft Visual Studio Solution File, Format Version 12.00
# Visual Studio 15
VisualStudioVersion = 15.0.27004.2002
MinimumVisualStudioVersion = 10.0.40219.1
Project("{FAE04EC0-301F-11D3-BF4B-00C04F79EFBC}") = "MvcMovie", "MvcMovie\MvcMovie.csproj", "{0E680500-9E59-4311-9E2A-71329805AB72}"
EndProject
Global
	GlobalSection(SolutionConfigurationPlatforms) = preSolution
		Debug|Any CPU = Debug|Any CPU
		Release|Any CPU = Release|Any CPU
	EndGlobalSection
	GlobalSection(ProjectConfigurationPlatforms) = postSolution
		{0E680500-9E59-4311-9E2A-71329805AB72}.Debug|Any CPU.ActiveCfg = Debug|Any CPU
		{0E680500-9E59-4311-9E2A-71329805AB72}.Debug|Any CPU.Build.0 = Debug|Any CPU
		{0E680500-9E59-4311-9E2A-71329805AB72}.Release|Any CPU.ActiveCfg = Release|Any CPU
		{0E680500-9E59-4311-9E2A-71329805AB72}.Release|Any CPU.Build.0 = Release|Any CPU
	EndGlobalSection
	GlobalSection(SolutionProperties) = preSolution
		HideSolutionNode = FALSE
	EndGlobalSection
	GlobalSection(ExtensibilityGlobals) = postSolution
		SolutionGuid = {F3EF4543-73FA-4B7F-965B-5FAE121981A7}
	EndGlobalSection
EndGlobal
